{
  "_meta": {
    "hash": {
      "sha256": "fixture"
    },
    "pipfile-spec": 6,
    "requires": {
      "python_version": "3.12"
    },
    "sources": [
      {
        "name": "pypi",
        "url": "https://pypi.org/simple",
        "verify_ssl": true
      }
    ]
  },
  "default": {
    "requests": {
      "version": "==2.32.3"
    }
  },
  "develop": {}
}
