{
  "name": "fixture-js-npm",
  "version": "1.0.0",
  "lockfileVersion": 3,
  "packages": {
    "": {
      "name": "fixture-js-npm",
      "version": "1.0.0",
      "dependencies": {
        "demo-git-package": "1.0.0",
        "react": "18.3.1"
      }
    },
    "node_modules/demo-git-package": {
      "version": "1.0.0",
      "resolved": "git+https://example.com/demo-git-package.git#abc123def456"
    },
    "node_modules/react": {
      "version": "18.3.1",
      "resolved": "https://registry.npmjs.org/react/-/react-18.3.1.tgz"
    }
  }
}
